lockfileVersion: '6.0'

settings:
  autoInstallPeers: true
  excludeLinksFromLockfile: false

dependencies:
  easy-pdfkit:
    specifier: ^0.1.4
    version: link:..
  typescript:
    specifier: ^5.0.0
    version: 5.6.2

devDependencies:
  '@types/bun':
    specifier: latest
    version: 1.1.9

packages:

  /@types/bun@1.1.9:
    resolution: {integrity: sha512-SXJRejXpmAc3qxyN/YS4/JGWEzLf4dDBa5fLtRDipQXHqNccuMU4EUYCooXNTsylG0DmwFQsGgEDHxZF+3DqRw==}
    dependencies:
      bun-types: 1.1.27
    dev: true

  /@types/node@20.12.14:
    resolution: {integrity: sha512-scnD59RpYD91xngrQQLGkE+6UrHUPzeKZWhhjBSa3HSkwjbQc38+q3RoIVEwxQGRw3M+j5hpNAM+lgV3cVormg==}
    dependencies:
      undici-types: 5.26.5
    dev: true

  /@types/ws@8.5.12:
    resolution: {integrity: sha512-3tPRkv1EtkDpzlgyKyI8pGsGZAGPEaXeu0DOj5DI25Ja91bdAYddYHbADRYVrZMRbfW+1l5YwXVDKohDJNQxkQ==}
    dependencies:
      '@types/node': 20.12.14
    dev: true

  /bun-types@1.1.27:
    resolution: {integrity: sha512-rHXAiIDefeMS/fleNM1rRDYqolJGNRdch3+AuCRwcZWaqTa1vjGBNsahH/HVV7Y82frllYhJomCVSEiHzLzkgg==}
    dependencies:
      '@types/node': 20.12.14
      '@types/ws': 8.5.12
    dev: true

  /typescript@5.6.2:
    resolution: {integrity: sha512-NW8ByodCSNCwZeghjN3o+JX5OFH0Ojg6sadjEKY4huZ52TqbJTJnDo5+Tw98lSy63NZvi4n+ez5m2u5d4PkZyw==}
    engines: {node: '>=14.17'}
    hasBin: true
    dev: false

  /undici-types@5.26.5:
    resolution: {integrity: sha512-JlCMO+ehdEIKqlFxk6IfVoAUVmgz7cU7zD/h9XZ0qzeosSHmUJVOzSQvvYSYWXkFXC+IfLKSIffhv0sVZup6pA==}
    dev: true
